Microsoft Visual Studio Solution File, Format Version 12.00
# Visual Studio Version 17
VisualStudioVersion = 17.5.2.0
MinimumVisualStudioVersion = 10.0.40219.1
Project("{FAE04EC0-301F-11D3-BF4B-00C04F79EFBC}") = "pack", "pack.csproj", "{CC020A4A-460D-B84F-83A3-8B219B5FC465}"
EndProject
Global
	GlobalSection(SolutionConfigurationPlatforms) = preSolution
		Debug|Any CPU = Debug|Any CPU
		Release|Any CPU = Release|Any CPU
	EndGlobalSection
	GlobalSection(ProjectConfigurationPlatforms) = postSolution
		{CC020A4A-460D-B84F-83A3-8B219B5FC465}.Debug|Any CPU.ActiveCfg = Debug|Any CPU
		{CC020A4A-460D-B84F-83A3-8B219B5FC465}.Debug|Any CPU.Build.0 = Debug|Any CPU
		{CC020A4A-460D-B84F-83A3-8B219B5FC465}.Release|Any CPU.ActiveCfg = Release|Any CPU
		{CC020A4A-460D-B84F-83A3-8B219B5FC465}.Release|Any CPU.Build.0 = Release|Any CPU
	EndGlobalSection
	GlobalSection(SolutionProperties) = preSolution
		HideSolutionNode = FALSE
	EndGlobalSection
	GlobalSection(ExtensibilityGlobals) = postSolution
		SolutionGuid = {4D6996D4-B086-40AC-841E-EC9C4CDE2D8F}
	EndGlobalSection
EndGlobal
